// !$*UTF8*$!
{
	archiveVersion = 1;
	classes = {
	};
	objectVersion = 48;
	objects = {

/* Begin PBXBuildFile section */
		92FC9ABE209C329000C8E8BA /* AppDelegate.m in Sources */ = {isa = PBXBuildFile; fileRef = 92FC9ABD209C329000C8E8BA /* AppDelegate.m */; };
		92FC9AC1209C329000C8E8BA /* ViewController.m in Sources */ = {isa = PBXBuildFile; fileRef = 92FC9AC0209C329000C8E8BA /* ViewController.m */; };
		92FC9AC4209C329000C8E8BA /* Main.storyboard in Resources */ = {isa = PBXBuildFile; fileRef = 92FC9AC2209C329000C8E8BA /* Main.storyboard */; };
		92FC9AC6209C329000C8E8BA /* Assets.xcassets in Resources */ = {isa = PBXBuildFile; fileRef = 92FC9AC5209C329000C8E8BA /* Assets.xcassets */; };
		92FC9AC9209C329000C8E8BA /* LaunchScreen.storyboard in Resources */ = {isa = PBXBuildFile; fileRef = 92FC9AC7209C329000C8E8BA /* LaunchScreen.storyboard */; };
		92FC9ACC209C329000C8E8BA /* main.m in Sources */ = {isa = PBXBuildFile; fileRef = 92FC9ACB209C329000C8E8BA /* main.m */; };
		92FC9AE6209C354D00C8E8BA /* UIControl+KWButtonExtension.m in Sources */ = {isa = PBXBuildFile; fileRef = 92FC9AD6209C354D00C8E8BA /* UIControl+KWButtonExtension.m */; };
		92FC9AE7209C354D00C8E8BA /* UIWebView+KWHideAccessoryView.m in Sources */ = {isa = PBXBuildFile; fileRef = 92FC9AD8209C354D00C8E8BA /* UIWebView+KWHideAccessoryView.m */; };
		92FC9AE8209C354D00C8E8BA /* UIWebView+KWWebViewJSTool.m in Sources */ = {isa = PBXBuildFile; fileRef = 92FC9ADA209C354D00C8E8BA /* UIWebView+KWWebViewJSTool.m */; };
		92FC9AE9209C354D00C8E8BA /* article_editor.js in Resources */ = {isa = PBXBuildFile; fileRef = 92FC9ADC209C354D00C8E8BA /* article_editor.js */; };
		92FC9AEA209C354D00C8E8BA /* articleInitFile.html in Resources */ = {isa = PBXBuildFile; fileRef = 92FC9ADD209C354D00C8E8BA /* articleInitFile.html */; };
		92FC9AEB209C354D00C8E8BA /* normalize.css in Resources */ = {isa = PBXBuildFile; fileRef = 92FC9ADE209C354D00C8E8BA /* normalize.css */; };
		92FC9AEC209C354D00C8E8BA /* style.css in Resources */ = {isa = PBXBuildFile; fileRef = 92FC9ADF209C354D00C8E8BA /* style.css */; };
		92FC9AED209C354D00C8E8BA /* KWEditorBar.m in Sources */ = {isa = PBXBuildFile; fileRef = 92FC9AE2209C354D00C8E8BA /* KWEditorBar.m */; };
		92FC9AEE209C354D00C8E8BA /* KWEditorBar.xib in Resources */ = {isa = PBXBuildFile; fileRef = 92FC9AE3209C354D00C8E8BA /* KWEditorBar.xib */; };
		92FC9AEF209C354D00C8E8BA /* KWFontStyleBar.m in Sources */ = {isa = PBXBuildFile; fileRef = 92FC9AE5209C354D00C8E8BA /* KWFontStyleBar.m */; };
		92FC9AF2209C367900C8E8BA /* CreateHtmlViewController.m in Sources */ = {isa = PBXBuildFile; fileRef = 92FC9AF1209C367900C8E8BA /* CreateHtmlViewController.m */; };
		92FC9AF5209C4B9000C8E8BA /* EditHtmlViewController.m in Sources */ = {isa = PBXBuildFile; fileRef = 92FC9AF4209C4B9000C8E8BA /* EditHtmlViewController.m */; };
		92FC9AF7209C4C3D00C8E8BA /* editArticleInitFile.html in Resources */ = {isa = PBXBuildFile; fileRef = 92FC9AF6209C4C3D00C8E8BA /* editArticleInitFile.html */; };
		92FC9AFA209C4CCE00C8E8BA /* BaseHtmlViewController.m in Sources */ = {isa = PBXBuildFile; fileRef = 92FC9AF9209C4CCE00C8E8BA /* BaseHtmlViewController.m */; };
/* End PBXBuildFile section */

/* Begin PBXFileReference section */
		92FC9AB9209C329000C8E8BA /* HtmlEditer.app */ = {isa = PBXFileReference; explicitFileType = wrapper.application; includeInIndex = 0; path = HtmlEditer.app; sourceTree = BUILT_PRODUCTS_DIR; };
		92FC9ABC209C329000C8E8BA /* AppDelegate.h */ = {isa = PBXFileReference; lastKnownFileType = sourcecode.c.h; path = AppDelegate.h; sourceTree = "<group>"; };
		92FC9ABD209C329000C8E8BA /* AppDelegate.m */ = {isa = PBXFileReference; lastKnownFileType = sourcecode.c.objc; path = AppDelegate.m; sourceTree = "<group>"; };
		92FC9ABF209C329000C8E8BA /* ViewController.h */ = {isa = PBXFileReference; lastKnownFileType = sourcecode.c.h; path = ViewController.h; sourceTree = "<group>"; };
		92FC9AC0209C329000C8E8BA /* ViewController.m */ = {isa = PBXFileReference; lastKnownFileType = sourcecode.c.objc; path = ViewController.m; sourceTree = "<group>"; };
		92FC9AC3209C329000C8E8BA /* Base */ = {isa = PBXFileReference; lastKnownFileType = file.storyboard; name = Base; path = Base.lproj/Main.storyboard; sourceTree = "<group>"; };
		92FC9AC5209C329000C8E8BA /* Assets.xcassets */ = {isa = PBXFileReference; lastKnownFileType = folder.assetcatalog; path = Assets.xcassets; sourceTree = "<group>"; };
		92FC9AC8209C329000C8E8BA /* Base */ = {isa = PBXFileReference; lastKnownFileType = file.storyboard; name = Base; path = Base.lproj/LaunchScreen.storyboard; sourceTree = "<group>"; };
		92FC9ACA209C329000C8E8BA /* Info.plist */ = {isa = PBXFileReference; lastKnownFileType = text.plist.xml; path = Info.plist; sourceTree = "<group>"; };
		92FC9ACB209C329000C8E8BA /* main.m */ = {isa = PBXFileReference; lastKnownFileType = sourcecode.c.objc; path = main.m; sourceTree = "<group>"; };
		92FC9AD3209C354D00C8E8BA /* WGCommon.h */ = {isa = PBXFileReference; fileEncoding = 4; lastKnownFileType = sourcecode.c.h; path = WGCommon.h; sourceTree = "<group>"; };
		92FC9AD5209C354D00C8E8BA /* UIControl+KWButtonExtension.h */ = {isa = PBXFileReference; fileEncoding = 4; lastKnownFileType = sourcecode.c.h; path = "UIControl+KWButtonExtension.h"; sourceTree = "<group>"; };
		92FC9AD6209C354D00C8E8BA /* UIControl+KWButtonExtension.m */ = {isa = PBXFileReference; fileEncoding = 4; lastKnownFileType = sourcecode.c.objc; path = "UIControl+KWButtonExtension.m"; sourceTree = "<group>"; };
		92FC9AD7209C354D00C8E8BA /* UIWebView+KWHideAccessoryView.h */ = {isa = PBXFileReference; fileEncoding = 4; lastKnownFileType = sourcecode.c.h; path = "UIWebView+KWHideAccessoryView.h"; sourceTree = "<group>"; };
		92FC9AD8209C354D00C8E8BA /* UIWebView+KWHideAccessoryView.m */ = {isa = PBXFileReference; fileEncoding = 4; lastKnownFileType = sourcecode.c.objc; path = "UIWebView+KWHideAccessoryView.m"; sourceTree = "<group>"; };
		92FC9AD9209C354D00C8E8BA /* UIWebView+KWWebViewJSTool.h */ = {isa = PBXFileReference; fileEncoding = 4; lastKnownFileType = sourcecode.c.h; path = "UIWebView+KWWebViewJSTool.h"; sourceTree = "<group>"; };
		92FC9ADA209C354D00C8E8BA /* UIWebView+KWWebViewJSTool.m */ = {isa = PBXFileReference; fileEncoding = 4; lastKnownFileType = sourcecode.c.objc; path = "UIWebView+KWWebViewJSTool.m"; sourceTree = "<group>"; };
		92FC9ADC209C354D00C8E8BA /* article_editor.js */ = {isa = PBXFileReference; fileEncoding = 4; lastKnownFileType = sourcecode.javascript; path = article_editor.js; sourceTree = "<group>"; };
		92FC9ADD209C354D00C8E8BA /* articleInitFile.html */ = {isa = PBXFileReference; fileEncoding = 4; lastKnownFileType = text.html; path = articleInitFile.html; sourceTree = "<group>"; };
		92FC9ADE209C354D00C8E8BA /* normalize.css */ = {isa = PBXFileReference; fileEncoding = 4; lastKnownFileType = text.css; path = normalize.css; sourceTree = "<group>"; };
		92FC9ADF209C354D00C8E8BA /* style.css */ = {isa = PBXFileReference; fileEncoding = 4; lastKnownFileType = text.css; path = style.css; sourceTree = "<group>"; };
		92FC9AE1209C354D00C8E8BA /* KWEditorBar.h */ = {isa = PBXFileReference; fileEncoding = 4; lastKnownFileType = sourcecode.c.h; path = KWEditorBar.h; sourceTree = "<group>"; };
		92FC9AE2209C354D00C8E8BA /* KWEditorBar.m */ = {isa = PBXFileReference; fileEncoding = 4; lastKnownFileType = sourcecode.c.objc; path = KWEditorBar.m; sourceTree = "<group>"; };
		92FC9AE3209C354D00C8E8BA /* KWEditorBar.xib */ = {isa = PBXFileReference; fileEncoding = 4; lastKnownFileType = file.xib; path = KWEditorBar.xib; sourceTree = "<group>"; };
		92FC9AE4209C354D00C8E8BA /* KWFontStyleBar.h */ = {isa = PBXFileReference; fileEncoding = 4; lastKnownFileType = sourcecode.c.h; path = KWFontStyleBar.h; sourceTree = "<group>"; };
		92FC9AE5209C354D00C8E8BA /* KWFontStyleBar.m */ = {isa = PBXFileReference; fileEncoding = 4; lastKnownFileType = sourcecode.c.objc; path = KWFontStyleBar.m; sourceTree = "<group>"; };
		92FC9AF0209C367900C8E8BA /* CreateHtmlViewController.h */ = {isa = PBXFileReference; lastKnownFileType = sourcecode.c.h; path = CreateHtmlViewController.h; sourceTree = "<group>"; };
		92FC9AF1209C367900C8E8BA /* CreateHtmlViewController.m */ = {isa = PBXFileReference; lastKnownFileType = sourcecode.c.objc; path = CreateHtmlViewController.m; sourceTree = "<group>"; };
		92FC9AF3209C4B9000C8E8BA /* EditHtmlViewController.h */ = {isa = PBXFileReference; lastKnownFileType = sourcecode.c.h; path = EditHtmlViewController.h; sourceTree = "<group>"; };
		92FC9AF4209C4B9000C8E8BA /* EditHtmlViewController.m */ = {isa = PBXFileReference; lastKnownFileType = sourcecode.c.objc; path = EditHtmlViewController.m; sourceTree = "<group>"; };
		92FC9AF6209C4C3D00C8E8BA /* editArticleInitFile.html */ = {isa = PBXFileReference; fileEncoding = 4; lastKnownFileType = text.html; path = editArticleInitFile.html; sourceTree = "<group>"; };
		92FC9AF8209C4CCE00C8E8BA /* BaseHtmlViewController.h */ = {isa = PBXFileReference; lastKnownFileType = sourcecode.c.h; path = BaseHtmlViewController.h; sourceTree = "<group>"; };
		92FC9AF9209C4CCE00C8E8BA /* BaseHtmlViewController.m */ = {isa = PBXFileReference; lastKnownFileType = sourcecode.c.objc; path = BaseHtmlViewController.m; sourceTree = "<group>"; };
/* End PBXFileReference section */

/* Begin PBXFrameworksBuildPhase section */
		92FC9AB6209C329000C8E8BA /* Frameworks */ = {
			isa = PBXFrameworksBuildPhase;
			buildActionMask = 2147483647;
			files = (
			);
			runOnlyForDeploymentPostprocessing = 0;
		};
/* End PBXFrameworksBuildPhase section */

/* Begin PBXGroup section */
		92FC9AB0209C329000C8E8BA = {
			isa = PBXGroup;
			children = (
				92FC9ABB209C329000C8E8BA /* HtmlEditer */,
				92FC9ABA209C329000C8E8BA /* Products */,
			);
			sourceTree = "<group>";
		};
		92FC9ABA209C329000C8E8BA /* Products */ = {
			isa = PBXGroup;
			children = (
				92FC9AB9209C329000C8E8BA /* HtmlEditer.app */,
			);
			name = Products;
			sourceTree = "<group>";
		};
		92FC9ABB209C329000C8E8BA /* HtmlEditer */ = {
			isa = PBXGroup;
			children = (
				92FC9ABC209C329000C8E8BA /* AppDelegate.h */,
				92FC9ABD209C329000C8E8BA /* AppDelegate.m */,
				92FC9ABF209C329000C8E8BA /* ViewController.h */,
				92FC9AC0209C329000C8E8BA /* ViewController.m */,
				92FC9AC2209C329000C8E8BA /* Main.storyboard */,
				92FC9AC5209C329000C8E8BA /* Assets.xcassets */,
				92FC9AC7209C329000C8E8BA /* LaunchScreen.storyboard */,
				92FC9ACA209C329000C8E8BA /* Info.plist */,
				92FC9ACB209C329000C8E8BA /* main.m */,
				92FC9AD2209C33A300C8E8BA /* HtmlEditer */,
				92FC9AF0209C367900C8E8BA /* CreateHtmlViewController.h */,
				92FC9AF1209C367900C8E8BA /* CreateHtmlViewController.m */,
				92FC9AF3209C4B9000C8E8BA /* EditHtmlViewController.h */,
				92FC9AF4209C4B9000C8E8BA /* EditHtmlViewController.m */,
				92FC9AF8209C4CCE00C8E8BA /* BaseHtmlViewController.h */,
				92FC9AF9209C4CCE00C8E8BA /* BaseHtmlViewController.m */,
			);
			path = HtmlEditer;
			sourceTree = "<group>";
		};
		92FC9AD2209C33A300C8E8BA /* HtmlEditer */ = {
			isa = PBXGroup;
			children = (
				92FC9AE0209C354D00C8E8BA /* EditorBar */,
				92FC9ADB209C354D00C8E8BA /* HTML */,
				92FC9AD4209C354D00C8E8BA /* WebViewExtension */,
				92FC9AD3209C354D00C8E8BA /* WGCommon.h */,
			);
			path = HtmlEditer;
			sourceTree = "<group>";
		};
		92FC9AD4209C354D00C8E8BA /* WebViewExtension */ = {
			isa = PBXGroup;
			children = (
				92FC9AD5209C354D00C8E8BA /* UIControl+KWButtonExtension.h */,
				92FC9AD6209C354D00C8E8BA /* UIControl+KWButtonExtension.m */,
				92FC9AD7209C354D00C8E8BA /* UIWebView+KWHideAccessoryView.h */,
				92FC9AD8209C354D00C8E8BA /* UIWebView+KWHideAccessoryView.m */,
				92FC9AD9209C354D00C8E8BA /* UIWebView+KWWebViewJSTool.h */,
				92FC9ADA209C354D00C8E8BA /* UIWebView+KWWebViewJSTool.m */,
			);
			path = WebViewExtension;
			sourceTree = "<group>";
		};
		92FC9ADB209C354D00C8E8BA /* HTML */ = {
			isa = PBXGroup;
			children = (
				92FC9ADD209C354D00C8E8BA /* articleInitFile.html */,
				92FC9AF6209C4C3D00C8E8BA /* editArticleInitFile.html */,
				92FC9ADC209C354D00C8E8BA /* article_editor.js */,
				92FC9ADE209C354D00C8E8BA /* normalize.css */,
				92FC9ADF209C354D00C8E8BA /* style.css */,
			);
			path = HTML;
			sourceTree = "<group>";
		};
		92FC9AE0209C354D00C8E8BA /* EditorBar */ = {
			isa = PBXGroup;
			children = (
				92FC9AE1209C354D00C8E8BA /* KWEditorBar.h */,
				92FC9AE2209C354D00C8E8BA /* KWEditorBar.m */,
				92FC9AE3209C354D00C8E8BA /* KWEditorBar.xib */,
				92FC9AE4209C354D00C8E8BA /* KWFontStyleBar.h */,
				92FC9AE5209C354D00C8E8BA /* KWFontStyleBar.m */,
			);
			path = EditorBar;
			sourceTree = "<group>";
		};
/* End PBXGroup section */

/* Begin PBXNativeTarget section */
		92FC9AB8209C329000C8E8BA /* HtmlEditer */ = {
			isa = PBXNativeTarget;
			buildConfigurationList = 92FC9ACF209C329000C8E8BA /* Build configuration list for PBXNativeTarget "HtmlEditer" */;
			buildPhases = (
				92FC9AB5209C329000C8E8BA /* Sources */,
				92FC9AB6209C329000C8E8BA /* Frameworks */,
				92FC9AB7209C329000C8E8BA /* Resources */,
			);
			buildRules = (
			);
			dependencies = (
			);
			name = HtmlEditer;
			productName = HtmlEditer;
			productReference = 92FC9AB9209C329000C8E8BA /* HtmlEditer.app */;
			productType = "com.apple.product-type.application";
		};
/* End PBXNativeTarget section */

/* Begin PBXProject section */
		92FC9AB1209C329000C8E8BA /* Project object */ = {
			isa = PBXProject;
			attributes = {
				LastUpgradeCheck = 0920;
				ORGANIZATIONNAME = NXB;
				TargetAttributes = {
					92FC9AB8209C329000C8E8BA = {
						CreatedOnToolsVersion = 9.2;
						ProvisioningStyle = Automatic;
					};
				};
			};
			buildConfigurationList = 92FC9AB4209C329000C8E8BA /* Build configuration list for PBXProject "HtmlEditer" */;
			compatibilityVersion = "Xcode 8.0";
			developmentRegion = en;
			hasScannedForEncodings = 0;
			knownRegions = (
				en,
				Base,
			);
			mainGroup = 92FC9AB0209C329000C8E8BA;
			productRefGroup = 92FC9ABA209C329000C8E8BA /* Products */;
			projectDirPath = "";
			projectRoot = "";
			targets = (
				92FC9AB8209C329000C8E8BA /* HtmlEditer */,
			);
		};
/* End PBXProject section */

/* Begin PBXResourcesBuildPhase section */
		92FC9AB7209C329000C8E8BA /* Resources */ = {
			isa = PBXResourcesBuildPhase;
			buildActionMask = 2147483647;
			files = (
				92FC9AC9209C329000C8E8BA /* LaunchScreen.storyboard in Resources */,
				92FC9AC6209C329000C8E8BA /* Assets.xcassets in Resources */,
				92FC9AEC209C354D00C8E8BA /* style.css in Resources */,
				92FC9AEA209C354D00C8E8BA /* articleInitFile.html in Resources */,
				92FC9AEB209C354D00C8E8BA /* normalize.css in Resources */,
				92FC9AF7209C4C3D00C8E8BA /* editArticleInitFile.html in Resources */,
				92FC9AE9209C354D00C8E8BA /* article_editor.js in Resources */,
				92FC9AEE209C354D00C8E8BA /* KWEditorBar.xib in Resources */,
				92FC9AC4209C329000C8E8BA /* Main.storyboard in Resources */,
			);
			runOnlyForDeploymentPostprocessing = 0;
		};
/* End PBXResourcesBuildPhase section */

/* Begin PBXSourcesBuildPhase section */
		92FC9AB5209C329000C8E8BA /* Sources */ = {
			isa = PBXSourcesBuildPhase;
			buildActionMask = 2147483647;
			files = (
				92FC9AF2209C367900C8E8BA /* CreateHtmlViewController.m in Sources */,
				92FC9AC1209C329000C8E8BA /* ViewController.m in Sources */,
				92FC9AE6209C354D00C8E8BA /* UIControl+KWButtonExtension.m in Sources */,
				92FC9AEF209C354D00C8E8BA /* KWFontStyleBar.m in Sources */,
				92FC9AFA209C4CCE00C8E8BA /* BaseHtmlViewController.m in Sources */,
				92FC9AE7209C354D00C8E8BA /* UIWebView+KWHideAccessoryView.m in Sources */,
				92FC9ACC209C329000C8E8BA /* main.m in Sources */,
				92FC9AE8209C354D00C8E8BA /* UIWebView+KWWebViewJSTool.m in Sources */,
				92FC9AF5209C4B9000C8E8BA /* EditHtmlViewController.m in Sources */,
				92FC9ABE209C329000C8E8BA /* AppDelegate.m in Sources */,
				92FC9AED209C354D00C8E8BA /* KWEditorBar.m in Sources */,
			);
			runOnlyForDeploymentPostprocessing = 0;
		};
/* End PBXSourcesBuildPhase section */

/* Begin PBXVariantGroup section */
		92FC9AC2209C329000C8E8BA /* Main.storyboard */ = {
			isa = PBXVariantGroup;
			children = (
				92FC9AC3209C329000C8E8BA /* Base */,
			);
			name = Main.storyboard;
			sourceTree = "<group>";
		};
		92FC9AC7209C329000C8E8BA /* LaunchScreen.storyboard */ = {
			isa = PBXVariantGroup;
			children = (
				92FC9AC8209C329000C8E8BA /* Base */,
			);
			name = LaunchScreen.storyboard;
			sourceTree = "<group>";
		};
/* End PBXVariantGroup section */

/* Begin XCBuildConfiguration section */
		92FC9ACD209C329000C8E8BA /* Debug */ = {
			isa = XCBuildConfiguration;
			buildSettings = {
				ALWAYS_SEARCH_USER_PATHS = NO;
				CLANG_ANALYZER_NONNULL = YES;
				CLANG_ANALYZER_NUMBER_OBJECT_CONVERSION = YES_AGGRESSIVE;
				CLANG_CXX_LANGUAGE_STANDARD = "gnu++14";
				CLANG_CXX_LIBRARY = "libc++";
				CLANG_ENABLE_MODULES = YES;
				CLANG_ENABLE_OBJC_ARC = YES;
				CLANG_WARN_BLOCK_CAPTURE_AUTORELEASING = YES;
				CLANG_WARN_BOOL_CONVERSION = YES;
				CLANG_WARN_COMMA = YES;
				CLANG_WARN_CONSTANT_CONVERSION = YES;
				CLANG_WARN_DIRECT_OBJC_ISA_USAGE = YES_ERROR;
				CLANG_WARN_DOCUMENTATION_COMMENTS = YES;
				CLANG_WARN_EMPTY_BODY = YES;
				CLANG_WARN_ENUM_CONVERSION = YES;
				CLANG_WARN_INFINITE_RECURSION = YES;
				CLANG_WARN_INT_CONVERSION = YES;
				CLANG_WARN_NON_LITERAL_NULL_CONVERSION = YES;
				CLANG_WARN_OBJC_LITERAL_CONVERSION = YES;
				CLANG_WARN_OBJC_ROOT_CLASS = YES_ERROR;
				CLANG_WARN_RANGE_LOOP_ANALYSIS = YES;
				CLANG_WARN_STRICT_PROTOTYPES = YES;
				CLANG_WARN_SUSPICIOUS_MOVE = YES;
				CLANG_WARN_UNGUARDED_AVAILABILITY = YES_AGGRESSIVE;
				CLANG_WARN_UNREACHABLE_CODE = YES;
				CLANG_WARN__DUPLICATE_METHOD_MATCH = YES;
				CODE_SIGN_IDENTITY = "iPhone Developer";
				COPY_PHASE_STRIP = NO;
				DEBUG_INFORMATION_FORMAT = dwarf;
				ENABLE_STRICT_OBJC_MSGSEND = YES;
				ENABLE_TESTABILITY = YES;
				GCC_C_LANGUAGE_STANDARD = gnu11;
				GCC_DYNAMIC_NO_PIC = NO;
				GCC_NO_COMMON_BLOCKS = YES;
				GCC_OPTIMIZATION_LEVEL = 0;
				GCC_PREPROCESSOR_DEFINITIONS = (
					"DEBUG=1",
					"$(inherited)",
				);
				GCC_WARN_64_TO_32_BIT_CONVERSION = YES;
				GCC_WARN_ABOUT_RETURN_TYPE = YES_ERROR;
				GCC_WARN_UNDECLARED_SELECTOR = YES;
				GCC_WARN_UNINITIALIZED_AUTOS = YES_AGGRESSIVE;
				GCC_WARN_UNUSED_FUNCTION = YES;
				GCC_WARN_UNUSED_VARIABLE = YES;
				IPHONEOS_DEPLOYMENT_TARGET = 11.2;
				MTL_ENABLE_DEBUG_INFO = YES;
				ONLY_ACTIVE_ARCH = YES;
				SDKROOT = iphoneos;
			};
			name = Debug;
		};
		92FC9ACE209C329000C8E8BA /* Release */ = {
			isa = XCBuildConfiguration;
			buildSettings = {
				ALWAYS_SEARCH_USER_PATHS = NO;
				CLANG_ANALYZER_NONNULL = YES;
				CLANG_ANALYZER_NUMBER_OBJECT_CONVERSION = YES_AGGRESSIVE;
				CLANG_CXX_LANGUAGE_STANDARD = "gnu++14";
				CLANG_CXX_LIBRARY = "libc++";
				CLANG_ENABLE_MODULES = YES;
				CLANG_ENABLE_OBJC_ARC = YES;
				CLANG_WARN_BLOCK_CAPTURE_AUTORELEASING = YES;
				CLANG_WARN_BOOL_CONVERSION = YES;
				CLANG_WARN_COMMA = YES;
				CLANG_WARN_CONSTANT_CONVERSION = YES;
				CLANG_WARN_DIRECT_OBJC_ISA_USAGE = YES_ERROR;
				CLANG_WARN_DOCUMENTATION_COMMENTS = YES;
				CLANG_WARN_EMPTY_BODY = YES;
				CLANG_WARN_ENUM_CONVERSION = YES;
				CLANG_WARN_INFINITE_RECURSION = YES;
				CLANG_WARN_INT_CONVERSION = YES;
				CLANG_WARN_NON_LITERAL_NULL_CONVERSION = YES;
				CLANG_WARN_OBJC_LITERAL_CONVERSION = YES;
				CLANG_WARN_OBJC_ROOT_CLASS = YES_ERROR;
				CLANG_WARN_RANGE_LOOP_ANALYSIS = YES;
				CLANG_WARN_STRICT_PROTOTYPES = YES;
				CLANG_WARN_SUSPICIOUS_MOVE = YES;
				CLANG_WARN_UNGUARDED_AVAILABILITY = YES_AGGRESSIVE;
				CLANG_WARN_UNREACHABLE_CODE = YES;
				CLANG_WARN__DUPLICATE_METHOD_MATCH = YES;
				CODE_SIGN_IDENTITY = "iPhone Developer";
				COPY_PHASE_STRIP = NO;
				DEBUG_INFORMATION_FORMAT = "dwarf-with-dsym";
				ENABLE_NS_ASSERTIONS = NO;
				ENABLE_STRICT_OBJC_MSGSEND = YES;
				GCC_C_LANGUAGE_STANDARD = gnu11;
				GCC_NO_COMMON_BLOCKS = YES;
				GCC_WARN_64_TO_32_BIT_CONVERSION = YES;
				GCC_WARN_ABOUT_RETURN_TYPE = YES_ERROR;
				GCC_WARN_UNDECLARED_SELECTOR = YES;
				GCC_WARN_UNINITIALIZED_AUTOS = YES_AGGRESSIVE;
				GCC_WARN_UNUSED_FUNCTION = YES;
				GCC_WARN_UNUSED_VARIABLE = YES;
				IPHONEOS_DEPLOYMENT_TARGET = 11.2;
				MTL_ENABLE_DEBUG_INFO = NO;
				SDKROOT = iphoneos;
				VALIDATE_PRODUCT = YES;
			};
			name = Release;
		};
		92FC9AD0209C329000C8E8BA /* Debug */ = {
			isa = XCBuildConfiguration;
			buildSettings = {
				ASSETCATALOG_COMPILER_APPICON_NAME = AppIcon;
				CODE_SIGN_STYLE = Automatic;
				INFOPLIST_FILE = HtmlEditer/Info.plist;
				LD_RUNPATH_SEARCH_PATHS = "$(inherited) @executable_path/Frameworks";
				PRODUCT_BUNDLE_IDENTIFIER = YX.HtmlEditer;
				PRODUCT_NAME = "$(TARGET_NAME)";
				TARGETED_DEVICE_FAMILY = "1,2";
			};
			name = Debug;
		};
		92FC9AD1209C329000C8E8BA /* Release */ = {
			isa = XCBuildConfiguration;
			buildSettings = {
				ASSETCATALOG_COMPILER_APPICON_NAME = AppIcon;
				CODE_SIGN_STYLE = Automatic;
				INFOPLIST_FILE = HtmlEditer/Info.plist;
				LD_RUNPATH_SEARCH_PATHS = "$(inherited) @executable_path/Frameworks";
				PRODUCT_BUNDLE_IDENTIFIER = YX.HtmlEditer;
				PRODUCT_NAME = "$(TARGET_NAME)";
				TARGETED_DEVICE_FAMILY = "1,2";
			};
			name = Release;
		};
/* End XCBuildConfiguration section */

/* Begin XCConfigurationList section */
		92FC9AB4209C329000C8E8BA /* Build configuration list for PBXProject "HtmlEditer" */ = {
			isa = XCConfigurationList;
			buildConfigurations = (
				92FC9ACD209C329000C8E8BA /* Debug */,
				92FC9ACE209C329000C8E8BA /* Release */,
			);
			defaultConfigurationIsVisible = 0;
			defaultConfigurationName = Release;
		};
		92FC9ACF209C329000C8E8BA /* Build configuration list for PBXNativeTarget "HtmlEditer" */ = {
			isa = XCConfigurationList;
			buildConfigurations = (
				92FC9AD0209C329000C8E8BA /* Debug */,
				92FC9AD1209C329000C8E8BA /* Release */,
			);
			defaultConfigurationIsVisible = 0;
			defaultConfigurationName = Release;
		};
/* End XCConfigurationList section */
	};
	rootObject = 92FC9AB1209C329000C8E8BA /* Project object */;
}
